
Microsoft Visual Studio Solution File, Format Version 12.00
# Visual Studio Version 17
VisualStudioVersion = 17.4.33122.133
MinimumVisualStudioVersion = 10.0.40219.1
Project("{FAE04EC0-301F-11D3-BF4B-00C04F79EFBC}") = "AdventOfCode2022", "AdventOfCode2022\AdventOfCode2022.csproj", "{A43DD52F-37A8-4CD0-9CAC-C353802DBBC7}"
EndProject
Global
	GlobalSection(SolutionConfigurationPlatforms) = preSolution
		Debug|Any CPU = Debug|Any CPU
		Release|Any CPU = Release|Any CPU
	EndGlobalSection
	GlobalSection(ProjectConfigurationPlatforms) = postSolution
		{A43DD52F-37A8-4CD0-9CAC-C353802DBBC7}.Debug|Any CPU.ActiveCfg = Debug|Any CPU
		{A43DD52F-37A8-4CD0-9CAC-C353802DBBC7}.Debug|Any CPU.Build.0 = Debug|Any CPU
		{A43DD52F-37A8-4CD0-9CAC-C353802DBBC7}.Release|Any CPU.ActiveCfg = Release|Any CPU
		{A43DD52F-37A8-4CD0-9CAC-C353802DBBC7}.Release|Any CPU.Build.0 = Release|Any CPU
	EndGlobalSection
	GlobalSection(SolutionProperties) = preSolution
		HideSolutionNode = FALSE
	EndGlobalSection
	GlobalSection(ExtensibilityGlobals) = postSolution
		SolutionGuid = {C8D80CB4-F4A7-42BE-BF70-AD1262DD2A22}
	EndGlobalSection
EndGlobal
